
Microsoft Visual Studio Solution File, Format Version 12.00
# Visual Studio Version 17
VisualStudioVersion = 17.8.34511.84
MinimumVisualStudioVersion = 10.0.40219.1
Project("{9A19103F-16F7-4668-BE54-9A1E7A4F7556}") = "maga.api", "maga.api\maga.api.csproj", "{696F3158-EB89-47B0-852C-0E0CD6B47301}"
EndProject
Project("{2150E333-8FDC-42A3-9474-1A3956D46DE8}") = "magaLayers", "magaLayers", "{72B43A37-6B93-4D27-8BB4-AFB95E7D46EB}"
EndProject
Project("{2150E333-8FDC-42A3-9474-1A3956D46DE8}") = "1.Services", "1.Services", "{34F088A5-CE3A-49CE-8ADD-8712A9A972B7}"
EndProject
Project("{2150E333-8FDC-42A3-9474-1A3956D46DE8}") = "2.Aplication", "2.Aplication", "{AE136C2D-9806-42BE-8B13-27D076BCBC08}"
EndProject
Project("{2150E333-8FDC-42A3-9474-1A3956D46DE8}") = "3.Bussines", "3.Bussines", "{FD498D3A-C378-4787-91F5-7CB06BE4CD5E}"
EndProject
Project("{2150E333-8FDC-42A3-9474-1A3956D46DE8}") = "4.AccessData", "4.AccessData", "{9641F6E3-05C6-41CA-BD4C-A8EA85F128DB}"
EndProject
Project("{2150E333-8FDC-42A3-9474-1A3956D46DE8}") = "5.Transverse", "5.Transverse", "{5C3A5E16-E1D3-403A-8651-0BFCBB24EEDF}"
EndProject
Project("{9A19103F-16F7-4668-BE54-9A1E7A4F7556}") = "maga.aplication.contract", "maga.aplication.contract\maga.aplication.contract.csproj", "{4EE5D47A-1862-4F1A-B850-62D39D565732}"
EndProject
Project("{9A19103F-16F7-4668-BE54-9A1E7A4F7556}") = "maga.aplication", "maga.aplicacion.implementacion\maga.aplication.csproj", "{35A4D2CF-6FE5-419F-89BF-9CEA6DA79CCD}"
EndProject
Project("{9A19103F-16F7-4668-BE54-9A1E7A4F7556}") = "maga.Bussines", "maga.negocio\maga.Bussines.csproj", "{51FBF6D6-001E-455E-AABF-8E8ED236DD2C}"
EndProject
Project("{9A19103F-16F7-4668-BE54-9A1E7A4F7556}") = "maga.accessData.contracts", "maga.accesoData.contrato\maga.accessData.contracts.csproj", "{CB07B973-9099-462D-8EC0-95E77A66A5E3}"
EndProject
Project("{9A19103F-16F7-4668-BE54-9A1E7A4F7556}") = "maga.accessData", "maga.accesoData\maga.accessData.csproj", "{C6602141-A836-49A6-AF7A-CD0A7B63F635}"
	ProjectSection(ProjectDependencies) = postProject
		{CB07B973-9099-462D-8EC0-95E77A66A5E3} = {CB07B973-9099-462D-8EC0-95E77A66A5E3}
	EndProjectSection
EndProject
Project("{9A19103F-16F7-4668-BE54-9A1E7A4F7556}") = "maga.commons", "maga.comunes\maga.commons.csproj", "{9BC65E9C-A669-4868-952F-40CFFD38A6C5}"
EndProject
Project("{9A19103F-16F7-4668-BE54-9A1E7A4F7556}") = "magaTransversal", "MagaTransversal\magaTransversal.csproj", "{17B8D014-56DE-4BC3-9025-19A7B95022F4}"
EndProject
Project("{9A19103F-16F7-4668-BE54-9A1E7A4F7556}") = "Maga.security", "MagaSecurity\Maga.security.csproj", "{7E38E22B-04EF-4F49-B00F-A2733C50209D}"
EndProject
Global
	GlobalSection(SolutionConfigurationPlatforms) = preSolution
		Debug|Any CPU = Debug|Any CPU
		Release|Any CPU = Release|Any CPU
	EndGlobalSection
	GlobalSection(ProjectConfigurationPlatforms) = postSolution
		{696F3158-EB89-47B0-852C-0E0CD6B47301}.Debug|Any CPU.ActiveCfg = Debug|Any CPU
		{696F3158-EB89-47B0-852C-0E0CD6B47301}.Debug|Any CPU.Build.0 = Debug|Any CPU
		{696F3158-EB89-47B0-852C-0E0CD6B47301}.Release|Any CPU.ActiveCfg = Release|Any CPU
		{696F3158-EB89-47B0-852C-0E0CD6B47301}.Release|Any CPU.Build.0 = Release|Any CPU
		{4EE5D47A-1862-4F1A-B850-62D39D565732}.Debug|Any CPU.ActiveCfg = Debug|Any CPU
		{4EE5D47A-1862-4F1A-B850-62D39D565732}.Debug|Any CPU.Build.0 = Debug|Any CPU
		{4EE5D47A-1862-4F1A-B850-62D39D565732}.Release|Any CPU.ActiveCfg = Release|Any CPU
		{4EE5D47A-1862-4F1A-B850-62D39D565732}.Release|Any CPU.Build.0 = Release|Any CPU
		{35A4D2CF-6FE5-419F-89BF-9CEA6DA79CCD}.Debug|Any CPU.ActiveCfg = Debug|Any CPU
		{35A4D2CF-6FE5-419F-89BF-9CEA6DA79CCD}.Debug|Any CPU.Build.0 = Debug|Any CPU
		{35A4D2CF-6FE5-419F-89BF-9CEA6DA79CCD}.Release|Any CPU.ActiveCfg = Release|Any CPU
		{35A4D2CF-6FE5-419F-89BF-9CEA6DA79CCD}.Release|Any CPU.Build.0 = Release|Any CPU
		{51FBF6D6-001E-455E-AABF-8E8ED236DD2C}.Debug|Any CPU.ActiveCfg = Debug|Any CPU
		{51FBF6D6-001E-455E-AABF-8E8ED236DD2C}.Debug|Any CPU.Build.0 = Debug|Any CPU
		{51FBF6D6-001E-455E-AABF-8E8ED236DD2C}.Release|Any CPU.ActiveCfg = Release|Any CPU
		{51FBF6D6-001E-455E-AABF-8E8ED236DD2C}.Release|Any CPU.Build.0 = Release|Any CPU
		{CB07B973-9099-462D-8EC0-95E77A66A5E3}.Debug|Any CPU.ActiveCfg = Debug|Any CPU
		{CB07B973-9099-462D-8EC0-95E77A66A5E3}.Debug|Any CPU.Build.0 = Debug|Any CPU
		{CB07B973-9099-462D-8EC0-95E77A66A5E3}.Release|Any CPU.ActiveCfg = Release|Any CPU
		{CB07B973-9099-462D-8EC0-95E77A66A5E3}.Release|Any CPU.Build.0 = Release|Any CPU
		{C6602141-A836-49A6-AF7A-CD0A7B63F635}.Debug|Any CPU.ActiveCfg = Debug|Any CPU
		{C6602141-A836-49A6-AF7A-CD0A7B63F635}.Debug|Any CPU.Build.0 = Debug|Any CPU
		{C6602141-A836-49A6-AF7A-CD0A7B63F635}.Release|Any CPU.ActiveCfg = Release|Any CPU
		{C6602141-A836-49A6-AF7A-CD0A7B63F635}.Release|Any CPU.Build.0 = Release|Any CPU
		{9BC65E9C-A669-4868-952F-40CFFD38A6C5}.Debug|Any CPU.ActiveCfg = Debug|Any CPU
		{9BC65E9C-A669-4868-952F-40CFFD38A6C5}.Debug|Any CPU.Build.0 = Debug|Any CPU
		{9BC65E9C-A669-4868-952F-40CFFD38A6C5}.Release|Any CPU.ActiveCfg = Release|Any CPU
		{9BC65E9C-A669-4868-952F-40CFFD38A6C5}.Release|Any CPU.Build.0 = Release|Any CPU
		{17B8D014-56DE-4BC3-9025-19A7B95022F4}.Debug|Any CPU.ActiveCfg = Debug|Any CPU
		{17B8D014-56DE-4BC3-9025-19A7B95022F4}.Debug|Any CPU.Build.0 = Debug|Any CPU
		{17B8D014-56DE-4BC3-9025-19A7B95022F4}.Release|Any CPU.ActiveCfg = Release|Any CPU
		{17B8D014-56DE-4BC3-9025-19A7B95022F4}.Release|Any CPU.Build.0 = Release|Any CPU
		{7E38E22B-04EF-4F49-B00F-A2733C50209D}.Debug|Any CPU.ActiveCfg = Debug|Any CPU
		{7E38E22B-04EF-4F49-B00F-A2733C50209D}.Debug|Any CPU.Build.0 = Debug|Any CPU
		{7E38E22B-04EF-4F49-B00F-A2733C50209D}.Release|Any CPU.ActiveCfg = Release|Any CPU
		{7E38E22B-04EF-4F49-B00F-A2733C50209D}.Release|Any CPU.Build.0 = Release|Any CPU
	EndGlobalSection
	GlobalSection(SolutionProperties) = preSolution
		HideSolutionNode = FALSE
	EndGlobalSection
	GlobalSection(NestedProjects) = preSolution
		{696F3158-EB89-47B0-852C-0E0CD6B47301} = {34F088A5-CE3A-49CE-8ADD-8712A9A972B7}
		{34F088A5-CE3A-49CE-8ADD-8712A9A972B7} = {72B43A37-6B93-4D27-8BB4-AFB95E7D46EB}
		{AE136C2D-9806-42BE-8B13-27D076BCBC08} = {72B43A37-6B93-4D27-8BB4-AFB95E7D46EB}
		{FD498D3A-C378-4787-91F5-7CB06BE4CD5E} = {72B43A37-6B93-4D27-8BB4-AFB95E7D46EB}
		{9641F6E3-05C6-41CA-BD4C-A8EA85F128DB} = {72B43A37-6B93-4D27-8BB4-AFB95E7D46EB}
		{5C3A5E16-E1D3-403A-8651-0BFCBB24EEDF} = {72B43A37-6B93-4D27-8BB4-AFB95E7D46EB}
		{4EE5D47A-1862-4F1A-B850-62D39D565732} = {AE136C2D-9806-42BE-8B13-27D076BCBC08}
		{35A4D2CF-6FE5-419F-89BF-9CEA6DA79CCD} = {AE136C2D-9806-42BE-8B13-27D076BCBC08}
		{51FBF6D6-001E-455E-AABF-8E8ED236DD2C} = {FD498D3A-C378-4787-91F5-7CB06BE4CD5E}
		{CB07B973-9099-462D-8EC0-95E77A66A5E3} = {9641F6E3-05C6-41CA-BD4C-A8EA85F128DB}
		{C6602141-A836-49A6-AF7A-CD0A7B63F635} = {9641F6E3-05C6-41CA-BD4C-A8EA85F128DB}
		{9BC65E9C-A669-4868-952F-40CFFD38A6C5} = {5C3A5E16-E1D3-403A-8651-0BFCBB24EEDF}
		{17B8D014-56DE-4BC3-9025-19A7B95022F4} = {5C3A5E16-E1D3-403A-8651-0BFCBB24EEDF}
		{7E38E22B-04EF-4F49-B00F-A2733C50209D} = {34F088A5-CE3A-49CE-8ADD-8712A9A972B7}
	EndGlobalSection
	GlobalSection(ExtensibilityGlobals) = postSolution
		SolutionGuid = {4B40B0BB-CA78-4DA2-B7E8-BBC03DFCF815}
	EndGlobalSection
EndGlobal
